// !$*UTF8*$!
{
	archiveVersion = 1;
	classes = {
	};
	objectVersion = 56;
	objects = {

/* Begin PBXBuildFile section */
		7C2F109A2B9A260A00CF7065 /* SnapshotTesting in Frameworks */ = {isa = PBXBuildFile; productRef = 7C2F10992B9A260A00CF7065 /* SnapshotTesting */; };
		7C38E3E82B9E771E00F7302B /* ButtonStyleTests.swift in Sources */ = {isa = PBXBuildFile; fileRef = 7C38E3E72B9E771E00F7302B /* ButtonStyleTests.swift */; };
		7C38E3EA2B9F506E00F7302B /* InfoCardTests.swift in Sources */ = {isa = PBXBuildFile; fileRef = 7C38E3E92B9F506E00F7302B /* InfoCardTests.swift */; };
		7C38E3ED2B9F6E4E00F7302B /* info-card-header.jpg in Resources */ = {isa = PBXBuildFile; fileRef = 7C38E3EC2B9F6E4E00F7302B /* info-card-header.jpg */; };
		7C38E3EF2B9FB49A00F7302B /* DesignStylerTests.swift in Sources */ = {isa = PBXBuildFile; fileRef = 7C38E3EE2B9FB49A00F7302B /* DesignStylerTests.swift */; };
		7C40D7E52CA6263400539378 /* OTFTestStyle.swift in Sources */ = {isa = PBXBuildFile; fileRef = 7C40D7E42CA6263400539378 /* OTFTestStyle.swift */; };
		7C40D7E92CA635A400539378 /* OTFStimulusCard.swift in Sources */ = {isa = PBXBuildFile; fileRef = 7C40D7E82CA635A400539378 /* OTFStimulusCard.swift */; };
		7C40D7EB2CA63C8B00539378 /* StimulusCardTests.swift in Sources */ = {isa = PBXBuildFile; fileRef = 7C40D7EA2CA63C8B00539378 /* StimulusCardTests.swift */; };
		7C4901232C57F1E500A3F517 /* SnapshotHelper.swift in Sources */ = {isa = PBXBuildFile; fileRef = 7C4901222C57F1E500A3F517 /* SnapshotHelper.swift */; };
		7C5B1D802BE967FC004A8BA5 /* OTFMusicArtwork.swift in Sources */ = {isa = PBXBuildFile; fileRef = 7C5B1D7F2BE967FC004A8BA5 /* OTFMusicArtwork.swift */; };
		7C5B1D822BE96EB8004A8BA5 /* OTFRadius.swift in Sources */ = {isa = PBXBuildFile; fileRef = 7C5B1D812BE96EB8004A8BA5 /* OTFRadius.swift */; };
		7C5B1D842BE9703A004A8BA5 /* ArtworkTests.swift in Sources */ = {isa = PBXBuildFile; fileRef = 7C5B1D832BE9703A004A8BA5 /* ArtworkTests.swift */; };
		7C7A86772CA70358000927DF /* OTFMedicationCard.swift in Sources */ = {isa = PBXBuildFile; fileRef = 7C7A86762CA70358000927DF /* OTFMedicationCard.swift */; };
		7C7A86792CA70E1E000927DF /* MedicationCardTests.swift in Sources */ = {isa = PBXBuildFile; fileRef = 7C7A86782CA70E1E000927DF /* MedicationCardTests.swift */; };
		7C89EA632BCE03FA006D4D1B /* OTFSurveyCard.swift in Sources */ = {isa = PBXBuildFile; fileRef = 7C89EA622BCE03FA006D4D1B /* OTFSurveyCard.swift */; };
		7C8F76342C6D39C00018A832 /* Assets.xcassets in Resources */ = {isa = PBXBuildFile; fileRef = 7C8F76332C6D39C00018A832 /* Assets.xcassets */; };
		7C9DD66B2B5AC24000BE79E0 /* OTFDesignStyler.swift in Sources */ = {isa = PBXBuildFile; fileRef = 7C9DD66A2B5AC24000BE79E0 /* OTFDesignStyler.swift */; };
		7CA7F2582BD17D3C00270E1F /* SurveyCardTests.swift in Sources */ = {isa = PBXBuildFile; fileRef = 7CA7F2572BD17D3C00270E1F /* SurveyCardTests.swift */; };
		7CA7F25A2BD1A4AF00270E1F /* OTFMediaButtonStyle.swift in Sources */ = {isa = PBXBuildFile; fileRef = 7CA7F2592BD1A4AF00270E1F /* OTFMediaButtonStyle.swift */; };
		7CA7F25C2BD1AB8E00270E1F /* MediaButtonTests.swift in Sources */ = {isa = PBXBuildFile; fileRef = 7CA7F25B2BD1AB8E00270E1F /* MediaButtonTests.swift */; };
		7CA9BC2C2CB2E51A000DABEF /* OTFEmptyState.swift in Sources */ = {isa = PBXBuildFile; fileRef = 7CA9BC2B2CB2E51A000DABEF /* OTFEmptyState.swift */; };
		7CA9BC2E2CB2E5AB000DABEF /* OTFEmptyStateAction.swift in Sources */ = {isa = PBXBuildFile; fileRef = 7CA9BC2D2CB2E5AB000DABEF /* OTFEmptyStateAction.swift */; };
		7CA9BC302CB2EF76000DABEF /* OTFPillButtonStyle.swift in Sources */ = {isa = PBXBuildFile; fileRef = 7CA9BC2F2CB2EF76000DABEF /* OTFPillButtonStyle.swift */; };
		7CA9BC322CB34169000DABEF /* EmptyStateTests.swift in Sources */ = {isa = PBXBuildFile; fileRef = 7CA9BC312CB34169000DABEF /* EmptyStateTests.swift */; };
		7CA9BC342CB343DB000DABEF /* PillButtonStyleTests.swift in Sources */ = {isa = PBXBuildFile; fileRef = 7CA9BC332CB343DB000DABEF /* PillButtonStyleTests.swift */; };
		7CC0588E2B50754800A00240 /* OTFDesignSystem.framework in Frameworks */ = {isa = PBXBuildFile; fileRef = 7CC058852B50754800A00240 /* OTFDesignSystem.framework */; };
		7CC058DA2B507CCF00A00240 /* OTFPrimaryButtonStyle.swift in Sources */ = {isa = PBXBuildFile; fileRef = 7CC058CF2B507CCF00A00240 /* OTFPrimaryButtonStyle.swift */; };
		7CC058DB2B507CCF00A00240 /* OTFButtonStyle.swift in Sources */ = {isa = PBXBuildFile; fileRef = 7CC058D02B507CCF00A00240 /* OTFButtonStyle.swift */; };
		7CC058DC2B507CCF00A00240 /* OTFSecondaryButtonStyle.swift in Sources */ = {isa = PBXBuildFile; fileRef = 7CC058D12B507CCF00A00240 /* OTFSecondaryButtonStyle.swift */; };
		7CC058DD2B507CCF00A00240 /* OTFTertiaryButtonStyle.swift in Sources */ = {isa = PBXBuildFile; fileRef = 7CC058D22B507CCF00A00240 /* OTFTertiaryButtonStyle.swift */; };
		7CC058DE2B507CCF00A00240 /* OTFInfoCardAction.swift in Sources */ = {isa = PBXBuildFile; fileRef = 7CC058D52B507CCF00A00240 /* OTFInfoCardAction.swift */; };
		7CC058DF2B507CCF00A00240 /* OTFInfoCard.swift in Sources */ = {isa = PBXBuildFile; fileRef = 7CC058D62B507CCF00A00240 /* OTFInfoCard.swift */; };
		7CC058E02B507CCF00A00240 /* OTFMargin.swift in Sources */ = {isa = PBXBuildFile; fileRef = 7CC058D82B507CCF00A00240 /* OTFMargin.swift */; };
		7CC058E12B507CCF00A00240 /* OTFDSProvider.swift in Sources */ = {isa = PBXBuildFile; fileRef = 7CC058D92B507CCF00A00240 /* OTFDSProvider.swift */; };
		7CD013382B5EAF0E0065DBC4 /* OTFDesignStylerColor.swift in Sources */ = {isa = PBXBuildFile; fileRef = 7CD013372B5EAF0E0065DBC4 /* OTFDesignStylerColor.swift */; };
		7CD0133A2B5EAF320065DBC4 /* OTFDesignStyler+Environment.swift in Sources */ = {isa = PBXBuildFile; fileRef = 7CD013392B5EAF320065DBC4 /* OTFDesignStyler+Environment.swift */; };
		A8B7A7742C75F46D0065068C /* Testing.yml in Resources */ = {isa = PBXBuildFile; fileRef = A8B7A7732C75F46D0065068C /* Testing.yml */; };
		A8B7A7752C75F46D0065068C /* Testing.yml in Resources */ = {isa = PBXBuildFile; fileRef = A8B7A7732C75F46D0065068C /* Testing.yml */; };
/* End PBXBuildFile section */

/* Begin PBXContainerItemProxy section */
		7CC0588F2B50754800A00240 /* PBXContainerItemProxy */ = {
			isa = PBXContainerItemProxy;
			containerPortal = 7CC0587C2B50754800A00240 /* Project object */;
			proxyType = 1;
			remoteGlobalIDString = 7CC058842B50754800A00240;
			remoteInfo = OTFDesignSystem;
		};
/* End PBXContainerItemProxy section */

/* Begin PBXFileReference section */
		7C38E3E72B9E771E00F7302B /* ButtonStyleTests.swift */ = {isa = PBXFileReference; lastKnownFileType = sourcecode.swift; path = ButtonStyleTests.swift; sourceTree = "<group>"; };
		7C38E3E92B9F506E00F7302B /* InfoCardTests.swift */ = {isa = PBXFileReference; lastKnownFileType = sourcecode.swift; path = InfoCardTests.swift; sourceTree = "<group>"; };
		7C38E3EC2B9F6E4E00F7302B /* info-card-header.jpg */ = {isa = PBXFileReference; lastKnownFileType = image.jpeg; path = "info-card-header.jpg"; sourceTree = "<group>"; };
		7C38E3EE2B9FB49A00F7302B /* DesignStylerTests.swift */ = {isa = PBXFileReference; lastKnownFileType = sourcecode.swift; path = DesignStylerTests.swift; sourceTree = "<group>"; };
		7C40D7E42CA6263400539378 /* OTFTestStyle.swift */ = {isa = PBXFileReference; lastKnownFileType = sourcecode.swift; path = OTFTestStyle.swift; sourceTree = "<group>"; };
		7C40D7E82CA635A400539378 /* OTFStimulusCard.swift */ = {isa = PBXFileReference; lastKnownFileType = sourcecode.swift; path = OTFStimulusCard.swift; sourceTree = "<group>"; };
		7C40D7EA2CA63C8B00539378 /* StimulusCardTests.swift */ = {isa = PBXFileReference; lastKnownFileType = sourcecode.swift; path = StimulusCardTests.swift; sourceTree = "<group>"; };
		7C4901222C57F1E500A3F517 /* SnapshotHelper.swift */ = {isa = PBXFileReference; lastKnownFileType = sourcecode.swift; path = SnapshotHelper.swift; sourceTree = "<group>"; };
		7C5B1D7F2BE967FC004A8BA5 /* OTFMusicArtwork.swift */ = {isa = PBXFileReference; lastKnownFileType = sourcecode.swift; path = OTFMusicArtwork.swift; sourceTree = "<group>"; };
		7C5B1D812BE96EB8004A8BA5 /* OTFRadius.swift */ = {isa = PBXFileReference; lastKnownFileType = sourcecode.swift; path = OTFRadius.swift; sourceTree = "<group>"; };
		7C5B1D832BE9703A004A8BA5 /* ArtworkTests.swift */ = {isa = PBXFileReference; lastKnownFileType = sourcecode.swift; path = ArtworkTests.swift; sourceTree = "<group>"; };
		7C7A86762CA70358000927DF /* OTFMedicationCard.swift */ = {isa = PBXFileReference; lastKnownFileType = sourcecode.swift; path = OTFMedicationCard.swift; sourceTree = "<group>"; };
		7C7A86782CA70E1E000927DF /* MedicationCardTests.swift */ = {isa = PBXFileReference; lastKnownFileType = sourcecode.swift; path = MedicationCardTests.swift; sourceTree = "<group>"; };
		7C89EA622BCE03FA006D4D1B /* OTFSurveyCard.swift */ = {isa = PBXFileReference; lastKnownFileType = sourcecode.swift; path = OTFSurveyCard.swift; sourceTree = "<group>"; };
		7C8F76332C6D39C00018A832 /* Assets.xcassets */ = {isa = PBXFileReference; lastKnownFileType = folder.assetcatalog; path = Assets.xcassets; sourceTree = "<group>"; };
		7C9DD66A2B5AC24000BE79E0 /* OTFDesignStyler.swift */ = {isa = PBXFileReference; lastKnownFileType = sourcecode.swift; path = OTFDesignStyler.swift; sourceTree = "<group>"; };
		7CA7F2572BD17D3C00270E1F /* SurveyCardTests.swift */ = {isa = PBXFileReference; lastKnownFileType = sourcecode.swift; path = SurveyCardTests.swift; sourceTree = "<group>"; };
		7CA7F2592BD1A4AF00270E1F /* OTFMediaButtonStyle.swift */ = {isa = PBXFileReference; lastKnownFileType = sourcecode.swift; path = OTFMediaButtonStyle.swift; sourceTree = "<group>"; };
		7CA7F25B2BD1AB8E00270E1F /* MediaButtonTests.swift */ = {isa = PBXFileReference; lastKnownFileType = sourcecode.swift; path = MediaButtonTests.swift; sourceTree = "<group>"; };
		7CA9BC2B2CB2E51A000DABEF /* OTFEmptyState.swift */ = {isa = PBXFileReference; lastKnownFileType = sourcecode.swift; path = OTFEmptyState.swift; sourceTree = "<group>"; };
		7CA9BC2D2CB2E5AB000DABEF /* OTFEmptyStateAction.swift */ = {isa = PBXFileReference; lastKnownFileType = sourcecode.swift; path = OTFEmptyStateAction.swift; sourceTree = "<group>"; };
		7CA9BC2F2CB2EF76000DABEF /* OTFPillButtonStyle.swift */ = {isa = PBXFileReference; lastKnownFileType = sourcecode.swift; path = OTFPillButtonStyle.swift; sourceTree = "<group>"; };
		7CA9BC312CB34169000DABEF /* EmptyStateTests.swift */ = {isa = PBXFileReference; lastKnownFileType = sourcecode.swift; path = EmptyStateTests.swift; sourceTree = "<group>"; };
		7CA9BC332CB343DB000DABEF /* PillButtonStyleTests.swift */ = {isa = PBXFileReference; lastKnownFileType = sourcecode.swift; path = PillButtonStyleTests.swift; sourceTree = "<group>"; };
		7CC058852B50754800A00240 /* OTFDesignSystem.framework */ = {isa = PBXFileReference; explicitFileType = wrapper.framework; includeInIndex = 0; path = OTFDesignSystem.framework; sourceTree = BUILT_PRODUCTS_DIR; };
		7CC0588D2B50754800A00240 /* OTFDesignSystemTests.xctest */ = {isa = PBXFileReference; explicitFileType = wrapper.cfbundle; includeInIndex = 0; path = OTFDesignSystemTests.xctest; sourceTree = BUILT_PRODUCTS_DIR; };
		7CC058CF2B507CCF00A00240 /* OTFPrimaryButtonStyle.swift */ = {isa = PBXFileReference; fileEncoding = 4; lastKnownFileType = sourcecode.swift; path = OTFPrimaryButtonStyle.swift; sourceTree = "<group>"; };
		7CC058D02B507CCF00A00240 /* OTFButtonStyle.swift */ = {isa = PBXFileReference; fileEncoding = 4; lastKnownFileType = sourcecode.swift; path = OTFButtonStyle.swift; sourceTree = "<group>"; };
		7CC058D12B507CCF00A00240 /* OTFSecondaryButtonStyle.swift */ = {isa = PBXFileReference; fileEncoding = 4; lastKnownFileType = sourcecode.swift; path = OTFSecondaryButtonStyle.swift; sourceTree = "<group>"; };
		7CC058D22B507CCF00A00240 /* OTFTertiaryButtonStyle.swift */ = {isa = PBXFileReference; fileEncoding = 4; lastKnownFileType = sourcecode.swift; path = OTFTertiaryButtonStyle.swift; sourceTree = "<group>"; };
		7CC058D52B507CCF00A00240 /* OTFInfoCardAction.swift */ = {isa = PBXFileReference; fileEncoding = 4; lastKnownFileType = sourcecode.swift; path = OTFInfoCardAction.swift; sourceTree = "<group>"; };
		7CC058D62B507CCF00A00240 /* OTFInfoCard.swift */ = {isa = PBXFileReference; fileEncoding = 4; lastKnownFileType = sourcecode.swift; path = OTFInfoCard.swift; sourceTree = "<group>"; };
		7CC058D82B507CCF00A00240 /* OTFMargin.swift */ = {isa = PBXFileReference; fileEncoding = 4; lastKnownFileType = sourcecode.swift; path = OTFMargin.swift; sourceTree = "<group>"; };
		7CC058D92B507CCF00A00240 /* OTFDSProvider.swift */ = {isa = PBXFileReference; fileEncoding = 4; lastKnownFileType = sourcecode.swift; path = OTFDSProvider.swift; sourceTree = "<group>"; };
		7CD013372B5EAF0E0065DBC4 /* OTFDesignStylerColor.swift */ = {isa = PBXFileReference; lastKnownFileType = sourcecode.swift; path = OTFDesignStylerColor.swift; sourceTree = "<group>"; };
		7CD013392B5EAF320065DBC4 /* OTFDesignStyler+Environment.swift */ = {isa = PBXFileReference; lastKnownFileType = sourcecode.swift; path = "OTFDesignStyler+Environment.swift"; sourceTree = "<group>"; };
		A8B7A7732C75F46D0065068C /* Testing.yml */ = {isa = PBXFileReference; fileEncoding = 4; lastKnownFileType = text.yaml; path = Testing.yml; sourceTree = "<group>"; };
/* End PBXFileReference section */

/* Begin PBXFrameworksBuildPhase section */
		7CC058822B50754800A00240 /* Frameworks */ = {
			isa = PBXFrameworksBuildPhase;
			buildActionMask = 2147483647;
			files = (
			);
			runOnlyForDeploymentPostprocessing = 0;
		};
		7CC0588A2B50754800A00240 /* Frameworks */ = {
			isa = PBXFrameworksBuildPhase;
			buildActionMask = 2147483647;
			files = (
				7CC0588E2B50754800A00240 /* OTFDesignSystem.framework in Frameworks */,
				7C2F109A2B9A260A00CF7065 /* SnapshotTesting in Frameworks */,
			);
			runOnlyForDeploymentPostprocessing = 0;
		};
/* End PBXFrameworksBuildPhase section */

/* Begin PBXGroup section */
		7C38E3EB2B9F6DD000F7302B /* Assets */ = {
			isa = PBXGroup;
			children = (
				7C38E3EC2B9F6E4E00F7302B /* info-card-header.jpg */,
			);
			path = Assets;
			sourceTree = "<group>";
		};
		7C40D7E72CA6359600539378 /* OTFStimuliCard */ = {
			isa = PBXGroup;
			children = (
				7C40D7E82CA635A400539378 /* OTFStimulusCard.swift */,
			);
			path = OTFStimuliCard;
			sourceTree = "<group>";
		};
		7C4901212C57F1CD00A3F517 /* Helper */ = {
			isa = PBXGroup;
			children = (
				7C4901222C57F1E500A3F517 /* SnapshotHelper.swift */,
			);
			path = Helper;
			sourceTree = "<group>";
		};
		7C5B1D7E2BE96767004A8BA5 /* OTFMusicArtwork */ = {
			isa = PBXGroup;
			children = (
				7C5B1D7F2BE967FC004A8BA5 /* OTFMusicArtwork.swift */,
			);
			path = OTFMusicArtwork;
			sourceTree = "<group>";
		};
		7C7A86752CA7033E000927DF /* OTFMedicationCard */ = {
			isa = PBXGroup;
			children = (
				7C7A86762CA70358000927DF /* OTFMedicationCard.swift */,
			);
			path = OTFMedicationCard;
			sourceTree = "<group>";
		};
		7C89EA612BCE03E1006D4D1B /* OTFSurveyCard */ = {
			isa = PBXGroup;
			children = (
				7C89EA622BCE03FA006D4D1B /* OTFSurveyCard.swift */,
			);
			path = OTFSurveyCard;
			sourceTree = "<group>";
		};
		7C9DD6692B5AC1F200BE79E0 /* OTFDSStyler */ = {
			isa = PBXGroup;
			children = (
				7C9DD66A2B5AC24000BE79E0 /* OTFDesignStyler.swift */,
				7C40D7E42CA6263400539378 /* OTFTestStyle.swift */,
				7CD013372B5EAF0E0065DBC4 /* OTFDesignStylerColor.swift */,
				7CD013392B5EAF320065DBC4 /* OTFDesignStyler+Environment.swift */,
			);
			path = OTFDSStyler;
			sourceTree = "<group>";
		};
		7CA9BC2A2CB2E50E000DABEF /* OTFEmptyState */ = {
			isa = PBXGroup;
			children = (
				7CA9BC2B2CB2E51A000DABEF /* OTFEmptyState.swift */,
				7CA9BC2D2CB2E5AB000DABEF /* OTFEmptyStateAction.swift */,
			);
			path = OTFEmptyState;
			sourceTree = "<group>";
		};
		7CC0587B2B50754800A00240 = {
			isa = PBXGroup;
			children = (
				A8B7A7712C75F46D0065068C /* .github */,
				7CC058872B50754800A00240 /* OTFDesignSystem */,
				7CC058912B50754800A00240 /* OTFDesignSystemTests */,
				7CC058862B50754800A00240 /* Products */,
			);
			sourceTree = "<group>";
		};
		7CC058862B50754800A00240 /* Products */ = {
			isa = PBXGroup;
			children = (
				7CC058852B50754800A00240 /* OTFDesignSystem.framework */,
				7CC0588D2B50754800A00240 /* OTFDesignSystemTests.xctest */,
			);
			name = Products;
			sourceTree = "<group>";
		};
		7CC058872B50754800A00240 /* OTFDesignSystem */ = {
			isa = PBXGroup;
			children = (
				7CC058CB2B507CCF00A00240 /* Sources */,
			);
			path = OTFDesignSystem;
			sourceTree = "<group>";
		};
		7CC058912B50754800A00240 /* OTFDesignSystemTests */ = {
			isa = PBXGroup;
			children = (
				7C4901212C57F1CD00A3F517 /* Helper */,
				7C38E3EB2B9F6DD000F7302B /* Assets */,
				7C38E3E72B9E771E00F7302B /* ButtonStyleTests.swift */,
				7CA9BC312CB34169000DABEF /* EmptyStateTests.swift */,
				7CA9BC332CB343DB000DABEF /* PillButtonStyleTests.swift */,
				7C7A86782CA70E1E000927DF /* MedicationCardTests.swift */,
				7C38E3E92B9F506E00F7302B /* InfoCardTests.swift */,
				7C38E3EE2B9FB49A00F7302B /* DesignStylerTests.swift */,
				7CA7F2572BD17D3C00270E1F /* SurveyCardTests.swift */,
				7C40D7EA2CA63C8B00539378 /* StimulusCardTests.swift */,
				7CA7F25B2BD1AB8E00270E1F /* MediaButtonTests.swift */,
				7C5B1D832BE9703A004A8BA5 /* ArtworkTests.swift */,
			);
			path = OTFDesignSystemTests;
			sourceTree = "<group>";
		};
		7CC058CB2B507CCF00A00240 /* Sources */ = {
			isa = PBXGroup;
			children = (
				7CC058CC2B507CCF00A00240 /* OTFDesignSystem */,
			);
			path = Sources;
			sourceTree = "<group>";
		};
		7CC058CC2B507CCF00A00240 /* OTFDesignSystem */ = {
			isa = PBXGroup;
			children = (
				7C8F76332C6D39C00018A832 /* Assets.xcassets */,
				7CC058D32B507CCF00A00240 /* Components */,
				7CC058CD2B507CCF00A00240 /* Styles */,
				7CC058D72B507CCF00A00240 /* Base */,
			);
			path = OTFDesignSystem;
			sourceTree = "<group>";
		};
		7CC058CD2B507CCF00A00240 /* Styles */ = {
			isa = PBXGroup;
			children = (
				7C9DD6692B5AC1F200BE79E0 /* OTFDSStyler */,
				7CC058CE2B507CCF00A00240 /* Button */,
			);
			path = Styles;
			sourceTree = "<group>";
		};
		7CC058CE2B507CCF00A00240 /* Button */ = {
			isa = PBXGroup;
			children = (
				7CC058CF2B507CCF00A00240 /* OTFPrimaryButtonStyle.swift */,
				7CC058D02B507CCF00A00240 /* OTFButtonStyle.swift */,
				7CC058D12B507CCF00A00240 /* OTFSecondaryButtonStyle.swift */,
				7CC058D22B507CCF00A00240 /* OTFTertiaryButtonStyle.swift */,
				7CA7F2592BD1A4AF00270E1F /* OTFMediaButtonStyle.swift */,
				7CA9BC2F2CB2EF76000DABEF /* OTFPillButtonStyle.swift */,
			);
			path = Button;
			sourceTree = "<group>";
		};
		7CC058D32B507CCF00A00240 /* Components */ = {
			isa = PBXGroup;
			children = (
				7CA9BC2A2CB2E50E000DABEF /* OTFEmptyState */,
				7C7A86752CA7033E000927DF /* OTFMedicationCard */,
				7C40D7E72CA6359600539378 /* OTFStimuliCard */,
				7C5B1D7E2BE96767004A8BA5 /* OTFMusicArtwork */,
				7C89EA612BCE03E1006D4D1B /* OTFSurveyCard */,
				7CC058D42B507CCF00A00240 /* OTFInfoCard */,
			);
			path = Components;
			sourceTree = "<group>";
		};
		7CC058D42B507CCF00A00240 /* OTFInfoCard */ = {
			isa = PBXGroup;
			children = (
				7CC058D52B507CCF00A00240 /* OTFInfoCardAction.swift */,
				7CC058D62B507CCF00A00240 /* OTFInfoCard.swift */,
			);
			path = OTFInfoCard;
			sourceTree = "<group>";
		};
		7CC058D72B507CCF00A00240 /* Base */ = {
			isa = PBXGroup;
			children = (
				7CC058D82B507CCF00A00240 /* OTFMargin.swift */,
				7C5B1D812BE96EB8004A8BA5 /* OTFRadius.swift */,
				7CC058D92B507CCF00A00240 /* OTFDSProvider.swift */,
			);
			path = Base;
			sourceTree = "<group>";
		};
		A8B7A7712C75F46D0065068C /* .github */ = {
			isa = PBXGroup;
			children = (
				A8B7A7722C75F46D0065068C /* workflows */,
			);
			path = .github;
			sourceTree = "<group>";
		};
		A8B7A7722C75F46D0065068C /* workflows */ = {
			isa = PBXGroup;
			children = (
				A8B7A7732C75F46D0065068C /* Testing.yml */,
			);
			path = workflows;
			sourceTree = "<group>";
		};
/* End PBXGroup section */

/* Begin PBXHeadersBuildPhase section */
		7CC058802B50754800A00240 /* Headers */ = {
			isa = PBXHeadersBuildPhase;
			buildActionMask = 2147483647;
			files = (
			);
			runOnlyForDeploymentPostprocessing = 0;
		};
/* End PBXHeadersBuildPhase section */

/* Begin PBXNativeTarget section */
		7CC058842B50754800A00240 /* OTFDesignSystem */ = {
			isa = PBXNativeTarget;
			buildConfigurationList = 7CC058972B50754800A00240 /* Build configuration list for PBXNativeTarget "OTFDesignSystem" */;
			buildPhases = (
				7CC058802B50754800A00240 /* Headers */,
				7CC058812B50754800A00240 /* Sources */,
				7CC058822B50754800A00240 /* Frameworks */,
				7CC058832B50754800A00240 /* Resources */,
			);
			buildRules = (
			);
			dependencies = (
			);
			name = OTFDesignSystem;
			productName = OTFDesignSystem;
			productReference = 7CC058852B50754800A00240 /* OTFDesignSystem.framework */;
			productType = "com.apple.product-type.framework";
		};
		7CC0588C2B50754800A00240 /* OTFDesignSystemTests */ = {
			isa = PBXNativeTarget;
			buildConfigurationList = 7CC0589A2B50754800A00240 /* Build configuration list for PBXNativeTarget "OTFDesignSystemTests" */;
			buildPhases = (
				7CC058892B50754800A00240 /* Sources */,
				7CC0588A2B50754800A00240 /* Frameworks */,
				7CC0588B2B50754800A00240 /* Resources */,
			);
			buildRules = (
			);
			dependencies = (
				7CC058902B50754800A00240 /* PBXTargetDependency */,
			);
			name = OTFDesignSystemTests;
			packageProductDependencies = (
				7C2F10992B9A260A00CF7065 /* SnapshotTesting */,
			);
			productName = OTFDesignSystemTests;
			productReference = 7CC0588D2B50754800A00240 /* OTFDesignSystemTests.xctest */;
			productType = "com.apple.product-type.bundle.unit-test";
		};
/* End PBXNativeTarget section */

/* Begin PBXProject section */
		7CC0587C2B50754800A00240 /* Project object */ = {
			isa = PBXProject;
			attributes = {
				BuildIndependentTargetsInParallel = 1;
				LastSwiftUpdateCheck = 1520;
				LastUpgradeCheck = 1520;
				TargetAttributes = {
					7CC058842B50754800A00240 = {
						CreatedOnToolsVersion = 15.2;
					};
					7CC0588C2B50754800A00240 = {
						CreatedOnToolsVersion = 15.2;
					};
				};
			};
			buildConfigurationList = 7CC0587F2B50754800A00240 /* Build configuration list for PBXProject "OTFDesignSystem" */;
			compatibilityVersion = "Xcode 14.0";
			developmentRegion = en;
			hasScannedForEncodings = 0;
			knownRegions = (
				en,
				Base,
			);
			mainGroup = 7CC0587B2B50754800A00240;
			packageReferences = (
				7C2F10982B9A260A00CF7065 /* XCRemoteSwiftPackageReference "swift-snapshot-testing" */,
			);
			productRefGroup = 7CC058862B50754800A00240 /* Products */;
			projectDirPath = "";
			projectRoot = "";
			targets = (
				7CC058842B50754800A00240 /* OTFDesignSystem */,
				7CC0588C2B50754800A00240 /* OTFDesignSystemTests */,
			);
		};
/* End PBXProject section */

/* Begin PBXResourcesBuildPhase section */
		7CC058832B50754800A00240 /* Resources */ = {
			isa = PBXResourcesBuildPhase;
			buildActionMask = 2147483647;
			files = (
				7C8F76342C6D39C00018A832 /* Assets.xcassets in Resources */,
				A8B7A7742C75F46D0065068C /* Testing.yml in Resources */,
			);
			runOnlyForDeploymentPostprocessing = 0;
		};
		7CC0588B2B50754800A00240 /* Resources */ = {
			isa = PBXResourcesBuildPhase;
			buildActionMask = 2147483647;
			files = (
				7C38E3ED2B9F6E4E00F7302B /* info-card-header.jpg in Resources */,
				A8B7A7752C75F46D0065068C /* Testing.yml in Resources */,
			);
			runOnlyForDeploymentPostprocessing = 0;
		};
/* End PBXResourcesBuildPhase section */

/* Begin PBXSourcesBuildPhase section */
		7CC058812B50754800A00240 /* Sources */ = {
			isa = PBXSourcesBuildPhase;
			buildActionMask = 2147483647;
			files = (
				7C7A86772CA70358000927DF /* OTFMedicationCard.swift in Sources */,
				7CC058DE2B507CCF00A00240 /* OTFInfoCardAction.swift in Sources */,
				7CD0133A2B5EAF320065DBC4 /* OTFDesignStyler+Environment.swift in Sources */,
				7CA9BC2E2CB2E5AB000DABEF /* OTFEmptyStateAction.swift in Sources */,
				7CC058DA2B507CCF00A00240 /* OTFPrimaryButtonStyle.swift in Sources */,
				7CD013382B5EAF0E0065DBC4 /* OTFDesignStylerColor.swift in Sources */,
				7CA7F25A2BD1A4AF00270E1F /* OTFMediaButtonStyle.swift in Sources */,
				7C5B1D802BE967FC004A8BA5 /* OTFMusicArtwork.swift in Sources */,
				7C9DD66B2B5AC24000BE79E0 /* OTFDesignStyler.swift in Sources */,
				7C40D7E52CA6263400539378 /* OTFTestStyle.swift in Sources */,
				7CC058E12B507CCF00A00240 /* OTFDSProvider.swift in Sources */,
				7CC058DD2B507CCF00A00240 /* OTFTertiaryButtonStyle.swift in Sources */,
				7CC058E02B507CCF00A00240 /* OTFMargin.swift in Sources */,
				7C5B1D822BE96EB8004A8BA5 /* OTFRadius.swift in Sources */,
				7CA9BC2C2CB2E51A000DABEF /* OTFEmptyState.swift in Sources */,
				7C40D7E92CA635A400539378 /* OTFStimulusCard.swift in Sources */,
				7CC058DF2B507CCF00A00240 /* OTFInfoCard.swift in Sources */,
				7CC058DC2B507CCF00A00240 /* OTFSecondaryButtonStyle.swift in Sources */,
				7CC058DB2B507CCF00A00240 /* OTFButtonStyle.swift in Sources */,
				7CA9BC302CB2EF76000DABEF /* OTFPillButtonStyle.swift in Sources */,
				7C89EA632BCE03FA006D4D1B /* OTFSurveyCard.swift in Sources */,
			);
			runOnlyForDeploymentPostprocessing = 0;
		};
		7CC058892B50754800A00240 /* Sources */ = {
			isa = PBXSourcesBuildPhase;
			buildActionMask = 2147483647;
			files = (
				7CA7F2582BD17D3C00270E1F /* SurveyCardTests.swift in Sources */,
				7C38E3EA2B9F506E00F7302B /* InfoCardTests.swift in Sources */,
				7C4901232C57F1E500A3F517 /* SnapshotHelper.swift in Sources */,
				7CA7F25C2BD1AB8E00270E1F /* MediaButtonTests.swift in Sources */,
				7C7A86792CA70E1E000927DF /* MedicationCardTests.swift in Sources */,
				7CA9BC342CB343DB000DABEF /* PillButtonStyleTests.swift in Sources */,
				7C38E3EF2B9FB49A00F7302B /* DesignStylerTests.swift in Sources */,
				7C40D7EB2CA63C8B00539378 /* StimulusCardTests.swift in Sources */,
				7C5B1D842BE9703A004A8BA5 /* ArtworkTests.swift in Sources */,
				7C38E3E82B9E771E00F7302B /* ButtonStyleTests.swift in Sources */,
				7CA9BC322CB34169000DABEF /* EmptyStateTests.swift in Sources */,
			);
			runOnlyForDeploymentPostprocessing = 0;
		};
/* End PBXSourcesBuildPhase section */

/* Begin PBXTargetDependency section */
		7CC058902B50754800A00240 /* PBXTargetDependency */ = {
			isa = PBXTargetDependency;
			target = 7CC058842B50754800A00240 /* OTFDesignSystem */;
			targetProxy = 7CC0588F2B50754800A00240 /* PBXContainerItemProxy */;
		};
/* End PBXTargetDependency section */

/* Begin XCBuildConfiguration section */
		7CC058952B50754800A00240 /* Debug */ = {
			isa = XCBuildConfiguration;
			buildSettings = {
				ALWAYS_SEARCH_USER_PATHS = NO;
				ASSETCATALOG_COMPILER_GENERATE_SWIFT_ASSET_SYMBOL_EXTENSIONS = YES;
				CLANG_ANALYZER_NONNULL = YES;
				CLANG_ANALYZER_NUMBER_OBJECT_CONVERSION = YES_AGGRESSIVE;
				CLANG_CXX_LANGUAGE_STANDARD = "gnu++20";
				CLANG_ENABLE_MODULES = YES;
				CLANG_ENABLE_OBJC_ARC = YES;
				CLANG_ENABLE_OBJC_WEAK = YES;
				CLANG_WARN_BLOCK_CAPTURE_AUTORELEASING = YES;
				CLANG_WARN_BOOL_CONVERSION = YES;
				CLANG_WARN_COMMA = YES;
				CLANG_WARN_CONSTANT_CONVERSION = YES;
				CLANG_WARN_DEPRECATED_OBJC_IMPLEMENTATIONS = YES;
				CLANG_WARN_DIRECT_OBJC_ISA_USAGE = YES_ERROR;
				CLANG_WARN_DOCUMENTATION_COMMENTS = YES;
				CLANG_WARN_EMPTY_BODY = YES;
				CLANG_WARN_ENUM_CONVERSION = YES;
				CLANG_WARN_INFINITE_RECURSION = YES;
				CLANG_WARN_INT_CONVERSION = YES;
				CLANG_WARN_NON_LITERAL_NULL_CONVERSION = YES;
				CLANG_WARN_OBJC_IMPLICIT_RETAIN_SELF = YES;
				CLANG_WARN_OBJC_LITERAL_CONVERSION = YES;
				CLANG_WARN_OBJC_ROOT_CLASS = YES_ERROR;
				CLANG_WARN_QUOTED_INCLUDE_IN_FRAMEWORK_HEADER = YES;
				CLANG_WARN_RANGE_LOOP_ANALYSIS = YES;
				CLANG_WARN_STRICT_PROTOTYPES = YES;
				CLANG_WARN_SUSPICIOUS_MOVE = YES;
				CLANG_WARN_UNGUARDED_AVAILABILITY = YES_AGGRESSIVE;
				CLANG_WARN_UNREACHABLE_CODE = YES;
				CLANG_WARN__DUPLICATE_METHOD_MATCH = YES;
				COPY_PHASE_STRIP = NO;
				CURRENT_PROJECT_VERSION = 1;
				DEBUG_INFORMATION_FORMAT = dwarf;
				ENABLE_STRICT_OBJC_MSGSEND = YES;
				ENABLE_TESTABILITY = YES;
				ENABLE_USER_SCRIPT_SANDBOXING = YES;
				GCC_C_LANGUAGE_STANDARD = gnu17;
				GCC_DYNAMIC_NO_PIC = NO;
				GCC_NO_COMMON_BLOCKS = YES;
				GCC_OPTIMIZATION_LEVEL = 0;
				GCC_PREPROCESSOR_DEFINITIONS = (
					"DEBUG=1",
					"$(inherited)",
				);
				GCC_WARN_64_TO_32_BIT_CONVERSION = YES;
				GCC_WARN_ABOUT_RETURN_TYPE = YES_ERROR;
				GCC_WARN_UNDECLARED_SELECTOR = YES;
				GCC_WARN_UNINITIALIZED_AUTOS = YES_AGGRESSIVE;
				GCC_WARN_UNUSED_FUNCTION = YES;
				GCC_WARN_UNUSED_VARIABLE = YES;
				IPHONEOS_DEPLOYMENT_TARGET = 14.0;
				LOCALIZATION_PREFERS_STRING_CATALOGS = YES;
				MTL_ENABLE_DEBUG_INFO = INCLUDE_SOURCE;
				MTL_FAST_MATH = YES;
				ONLY_ACTIVE_ARCH = YES;
				SDKROOT = iphoneos;
				SWIFT_ACTIVE_COMPILATION_CONDITIONS = "DEBUG $(inherited)";
				SWIFT_OPTIMIZATION_LEVEL = "-Onone";
				VERSIONING_SYSTEM = "apple-generic";
				VERSION_INFO_PREFIX = "";
			};
			name = Debug;
		};
		7CC058962B50754800A00240 /* Release */ = {
			isa = XCBuildConfiguration;
			buildSettings = {
				ALWAYS_SEARCH_USER_PATHS = NO;
				ASSETCATALOG_COMPILER_GENERATE_SWIFT_ASSET_SYMBOL_EXTENSIONS = YES;
				CLANG_ANALYZER_NONNULL = YES;
				CLANG_ANALYZER_NUMBER_OBJECT_CONVERSION = YES_AGGRESSIVE;
				CLANG_CXX_LANGUAGE_STANDARD = "gnu++20";
				CLANG_ENABLE_MODULES = YES;
				CLANG_ENABLE_OBJC_ARC = YES;
				CLANG_ENABLE_OBJC_WEAK = YES;
				CLANG_WARN_BLOCK_CAPTURE_AUTORELEASING = YES;
				CLANG_WARN_BOOL_CONVERSION = YES;
				CLANG_WARN_COMMA = YES;
				CLANG_WARN_CONSTANT_CONVERSION = YES;
				CLANG_WARN_DEPRECATED_OBJC_IMPLEMENTATIONS = YES;
				CLANG_WARN_DIRECT_OBJC_ISA_USAGE = YES_ERROR;
				CLANG_WARN_DOCUMENTATION_COMMENTS = YES;
				CLANG_WARN_EMPTY_BODY = YES;
				CLANG_WARN_ENUM_CONVERSION = YES;
				CLANG_WARN_INFINITE_RECURSION = YES;
				CLANG_WARN_INT_CONVERSION = YES;
				CLANG_WARN_NON_LITERAL_NULL_CONVERSION = YES;
				CLANG_WARN_OBJC_IMPLICIT_RETAIN_SELF = YES;
				CLANG_WARN_OBJC_LITERAL_CONVERSION = YES;
				CLANG_WARN_OBJC_ROOT_CLASS = YES_ERROR;
				CLANG_WARN_QUOTED_INCLUDE_IN_FRAMEWORK_HEADER = YES;
				CLANG_WARN_RANGE_LOOP_ANALYSIS = YES;
				CLANG_WARN_STRICT_PROTOTYPES = YES;
				CLANG_WARN_SUSPICIOUS_MOVE = YES;
				CLANG_WARN_UNGUARDED_AVAILABILITY = YES_AGGRESSIVE;
				CLANG_WARN_UNREACHABLE_CODE = YES;
				CLANG_WARN__DUPLICATE_METHOD_MATCH = YES;
				COPY_PHASE_STRIP = NO;
				CURRENT_PROJECT_VERSION = 1;
				DEBUG_INFORMATION_FORMAT = "dwarf-with-dsym";
				ENABLE_NS_ASSERTIONS = NO;
				ENABLE_STRICT_OBJC_MSGSEND = YES;
				ENABLE_USER_SCRIPT_SANDBOXING = YES;
				GCC_C_LANGUAGE_STANDARD = gnu17;
				GCC_NO_COMMON_BLOCKS = YES;
				GCC_WARN_64_TO_32_BIT_CONVERSION = YES;
				GCC_WARN_ABOUT_RETURN_TYPE = YES_ERROR;
				GCC_WARN_UNDECLARED_SELECTOR = YES;
				GCC_WARN_UNINITIALIZED_AUTOS = YES_AGGRESSIVE;
				GCC_WARN_UNUSED_FUNCTION = YES;
				GCC_WARN_UNUSED_VARIABLE = YES;
				IPHONEOS_DEPLOYMENT_TARGET = 14.0;
				LOCALIZATION_PREFERS_STRING_CATALOGS = YES;
				MTL_ENABLE_DEBUG_INFO = NO;
				MTL_FAST_MATH = YES;
				SDKROOT = iphoneos;
				SWIFT_COMPILATION_MODE = wholemodule;
				VALIDATE_PRODUCT = YES;
				VERSIONING_SYSTEM = "apple-generic";
				VERSION_INFO_PREFIX = "";
			};
			name = Release;
		};
		7CC058982B50754800A00240 /* Debug */ = {
			isa = XCBuildConfiguration;
			buildSettings = {
				CODE_SIGN_STYLE = Automatic;
				CURRENT_PROJECT_VERSION = 1;
				DEFINES_MODULE = YES;
				DYLIB_COMPATIBILITY_VERSION = 1;
				DYLIB_CURRENT_VERSION = 1;
				DYLIB_INSTALL_NAME_BASE = "@rpath";
				ENABLE_MODULE_VERIFIER = YES;
				GENERATE_INFOPLIST_FILE = YES;
				INFOPLIST_KEY_NSHumanReadableCopyright = "";
				INSTALL_PATH = "$(LOCAL_LIBRARY_DIR)/Frameworks";
				LD_RUNPATH_SEARCH_PATHS = (
					"$(inherited)",
					"@executable_path/Frameworks",
					"@loader_path/Frameworks",
				);
				MARKETING_VERSION = 1.0.0;
				MODULE_VERIFIER_SUPPORTED_LANGUAGES = "objective-c objective-c++";
				MODULE_VERIFIER_SUPPORTED_LANGUAGE_STANDARDS = "gnu17 gnu++20";
				PRODUCT_BUNDLE_IDENTIFIER = org.theraforge.OTFDesignSystem;
				PRODUCT_NAME = "$(TARGET_NAME:c99extidentifier)";
				SKIP_INSTALL = YES;
				SWIFT_EMIT_LOC_STRINGS = YES;
				SWIFT_VERSION = 5.0;
				TARGETED_DEVICE_FAMILY = "1,2";
			};
			name = Debug;
		};
		7CC058992B50754800A00240 /* Release */ = {
			isa = XCBuildConfiguration;
			buildSettings = {
				CODE_SIGN_STYLE = Automatic;
				CURRENT_PROJECT_VERSION = 1;
				DEFINES_MODULE = YES;
				DYLIB_COMPATIBILITY_VERSION = 1;
				DYLIB_CURRENT_VERSION = 1;
				DYLIB_INSTALL_NAME_BASE = "@rpath";
				ENABLE_MODULE_VERIFIER = YES;
				GENERATE_INFOPLIST_FILE = YES;
				INFOPLIST_KEY_NSHumanReadableCopyright = "";
				INSTALL_PATH = "$(LOCAL_LIBRARY_DIR)/Frameworks";
				LD_RUNPATH_SEARCH_PATHS = (
					"$(inherited)",
					"@executable_path/Frameworks",
					"@loader_path/Frameworks",
				);
				MARKETING_VERSION = 1.0.0;
				MODULE_VERIFIER_SUPPORTED_LANGUAGES = "objective-c objective-c++";
				MODULE_VERIFIER_SUPPORTED_LANGUAGE_STANDARDS = "gnu17 gnu++20";
				PRODUCT_BUNDLE_IDENTIFIER = org.theraforge.OTFDesignSystem;
				PRODUCT_NAME = "$(TARGET_NAME:c99extidentifier)";
				SKIP_INSTALL = YES;
				SWIFT_EMIT_LOC_STRINGS = YES;
				SWIFT_VERSION = 5.0;
				TARGETED_DEVICE_FAMILY = "1,2";
			};
			name = Release;
		};
		7CC0589B2B50754800A00240 /* Debug */ = {
			isa = XCBuildConfiguration;
			buildSettings = {
				ALWAYS_EMBED_SWIFT_STANDARD_LIBRARIES = YES;
				CODE_SIGN_STYLE = Automatic;
				CURRENT_PROJECT_VERSION = 1;
				GENERATE_INFOPLIST_FILE = YES;
				MARKETING_VERSION = 1.0.0;
				PRODUCT_BUNDLE_IDENTIFIER = org.theraforge.OTFDesignSystemTests;
				PRODUCT_NAME = "$(TARGET_NAME)";
				SWIFT_EMIT_LOC_STRINGS = NO;
				SWIFT_VERSION = 5.0;
				TARGETED_DEVICE_FAMILY = "1,2";
			};
			name = Debug;
		};
		7CC0589C2B50754800A00240 /* Release */ = {
			isa = XCBuildConfiguration;
			buildSettings = {
				ALWAYS_EMBED_SWIFT_STANDARD_LIBRARIES = YES;
				CODE_SIGN_STYLE = Automatic;
				CURRENT_PROJECT_VERSION = 1;
				GENERATE_INFOPLIST_FILE = YES;
				MARKETING_VERSION = 1.0.0;
				PRODUCT_BUNDLE_IDENTIFIER = org.theraforge.OTFDesignSystemTests;
				PRODUCT_NAME = "$(TARGET_NAME)";
				SWIFT_EMIT_LOC_STRINGS = NO;
				SWIFT_VERSION = 5.0;
				TARGETED_DEVICE_FAMILY = "1,2";
			};
			name = Release;
		};
/* End XCBuildConfiguration section */

/* Begin XCConfigurationList section */
		7CC0587F2B50754800A00240 /* Build configuration list for PBXProject "OTFDesignSystem" */ = {
			isa = XCConfigurationList;
			buildConfigurations = (
				7CC058952B50754800A00240 /* Debug */,
				7CC058962B50754800A00240 /* Release */,
			);
			defaultConfigurationIsVisible = 0;
			defaultConfigurationName = Release;
		};
		7CC058972B50754800A00240 /* Build configuration list for PBXNativeTarget "OTFDesignSystem" */ = {
			isa = XCConfigurationList;
			buildConfigurations = (
				7CC058982B50754800A00240 /* Debug */,
				7CC058992B50754800A00240 /* Release */,
			);
			defaultConfigurationIsVisible = 0;
			defaultConfigurationName = Release;
		};
		7CC0589A2B50754800A00240 /* Build configuration list for PBXNativeTarget "OTFDesignSystemTests" */ = {
			isa = XCConfigurationList;
			buildConfigurations = (
				7CC0589B2B50754800A00240 /* Debug */,
				7CC0589C2B50754800A00240 /* Release */,
			);
			defaultConfigurationIsVisible = 0;
			defaultConfigurationName = Release;
		};
/* End XCConfigurationList section */

/* Begin XCRemoteSwiftPackageReference section */
		7C2F10982B9A260A00CF7065 /* XCRemoteSwiftPackageReference "swift-snapshot-testing" */ = {
			isa = XCRemoteSwiftPackageReference;
			repositoryURL = "https://github.com/pointfreeco/swift-snapshot-testing";
			requirement = {
				kind = upToNextMajorVersion;
				minimumVersion = 1.15.4;
			};
		};
/* End XCRemoteSwiftPackageReference section */

/* Begin XCSwiftPackageProductDependency section */
		7C2F10992B9A260A00CF7065 /* SnapshotTesting */ = {
			isa = XCSwiftPackageProductDependency;
			package = 7C2F10982B9A260A00CF7065 /* XCRemoteSwiftPackageReference "swift-snapshot-testing" */;
			productName = SnapshotTesting;
		};
/* End XCSwiftPackageProductDependency section */
	};
	rootObject = 7CC0587C2B50754800A00240 /* Project object */;
}
